
Microsoft Visual Studio Solution File, Format Version 12.00
# Visual Studio Version 17
VisualStudioVersion = 17.10.35013.160
MinimumVisualStudioVersion = 10.0.40219.1
Project("{9A19103F-16F7-4668-BE54-9A1E7A4F7556}") = "GerenciadorTarefas.WebAPI", "GerenciadorTarefas.WebAPI\GerenciadorTarefas.WebAPI.csproj", "{07EE9C28-5121-4A04-A1ED-AD72999B9F0B}"
EndProject
Project("{9A19103F-16F7-4668-BE54-9A1E7A4F7556}") = "GerenciadorTarefas.Domain", "GerenciadorTarefas.Domain\GerenciadorTarefas.Domain.csproj", "{385D442F-C512-46D8-8A98-82B6466BB066}"
EndProject
Project("{9A19103F-16F7-4668-BE54-9A1E7A4F7556}") = "GerenciadorTarefas.Repository", "GerenciadorTarefas.Repository\GerenciadorTarefas.Repository.csproj", "{2419FA75-9E93-4663-BFC8-3D925E0F2D0E}"
EndProject
Project("{9A19103F-16F7-4668-BE54-9A1E7A4F7556}") = "GerenciadorTarefas.Tests", "Test\GerenciadorTarefas.Tests\GerenciadorTarefas.Tests.csproj", "{834908E2-84F6-46AD-AD81-4C2B383401A6}"
EndProject
Project("{E53339B2-1760-4266-BCC7-CA923CBCF16C}") = "docker-compose", "docker-compose.dcproj", "{8BE74808-0A3A-4EDE-B1DD-5CA887278BE6}"
EndProject
Global
	GlobalSection(SolutionConfigurationPlatforms) = preSolution
		Debug|Any CPU = Debug|Any CPU
		Release|Any CPU = Release|Any CPU
	EndGlobalSection
	GlobalSection(ProjectConfigurationPlatforms) = postSolution
		{07EE9C28-5121-4A04-A1ED-AD72999B9F0B}.Debug|Any CPU.ActiveCfg = Debug|Any CPU
		{07EE9C28-5121-4A04-A1ED-AD72999B9F0B}.Debug|Any CPU.Build.0 = Debug|Any CPU
		{07EE9C28-5121-4A04-A1ED-AD72999B9F0B}.Release|Any CPU.ActiveCfg = Release|Any CPU
		{07EE9C28-5121-4A04-A1ED-AD72999B9F0B}.Release|Any CPU.Build.0 = Release|Any CPU
		{385D442F-C512-46D8-8A98-82B6466BB066}.Debug|Any CPU.ActiveCfg = Debug|Any CPU
		{385D442F-C512-46D8-8A98-82B6466BB066}.Debug|Any CPU.Build.0 = Debug|Any CPU
		{385D442F-C512-46D8-8A98-82B6466BB066}.Release|Any CPU.ActiveCfg = Release|Any CPU
		{385D442F-C512-46D8-8A98-82B6466BB066}.Release|Any CPU.Build.0 = Release|Any CPU
		{2419FA75-9E93-4663-BFC8-3D925E0F2D0E}.Debug|Any CPU.ActiveCfg = Debug|Any CPU
		{2419FA75-9E93-4663-BFC8-3D925E0F2D0E}.Debug|Any CPU.Build.0 = Debug|Any CPU
		{2419FA75-9E93-4663-BFC8-3D925E0F2D0E}.Release|Any CPU.ActiveCfg = Release|Any CPU
		{2419FA75-9E93-4663-BFC8-3D925E0F2D0E}.Release|Any CPU.Build.0 = Release|Any CPU
		{834908E2-84F6-46AD-AD81-4C2B383401A6}.Debug|Any CPU.ActiveCfg = Debug|Any CPU
		{834908E2-84F6-46AD-AD81-4C2B383401A6}.Debug|Any CPU.Build.0 = Debug|Any CPU
		{834908E2-84F6-46AD-AD81-4C2B383401A6}.Release|Any CPU.ActiveCfg = Release|Any CPU
		{834908E2-84F6-46AD-AD81-4C2B383401A6}.Release|Any CPU.Build.0 = Release|Any CPU
		{8BE74808-0A3A-4EDE-B1DD-5CA887278BE6}.Debug|Any CPU.ActiveCfg = Debug|Any CPU
		{8BE74808-0A3A-4EDE-B1DD-5CA887278BE6}.Debug|Any CPU.Build.0 = Debug|Any CPU
		{8BE74808-0A3A-4EDE-B1DD-5CA887278BE6}.Release|Any CPU.ActiveCfg = Release|Any CPU
		{8BE74808-0A3A-4EDE-B1DD-5CA887278BE6}.Release|Any CPU.Build.0 = Release|Any CPU
	EndGlobalSection
	GlobalSection(SolutionProperties) = preSolution
		HideSolutionNode = FALSE
	EndGlobalSection
	GlobalSection(ExtensibilityGlobals) = postSolution
		SolutionGuid = {6069AAA6-1156-4304-97AA-AC59CD7A42F0}
	EndGlobalSection
EndGlobal
